
Microsoft Visual Studio Solution File, Format Version 12.00
# Visual Studio 15
VisualStudioVersion = 15.0.28307.705
MinimumVisualStudioVersion = 10.0.40219.1
Project("{9A19103F-16F7-4668-BE54-9A1E7A4F7556}") = "HeadWorks_task", "HeadWorks_task\HeadWorks_task.csproj", "{18F2D236-D525-45C2-BEE6-EAADFD2E31B4}"
EndProject
Global
	GlobalSection(SolutionConfigurationPlatforms) = preSolution
		Debug|Any CPU = Debug|Any CPU
		Release|Any CPU = Release|Any CPU
	EndGlobalSection
	GlobalSection(ProjectConfigurationPlatforms) = postSolution
		{18F2D236-D525-45C2-BEE6-EAADFD2E31B4}.Debug|Any CPU.ActiveCfg = Debug|Any CPU
		{18F2D236-D525-45C2-BEE6-EAADFD2E31B4}.Debug|Any CPU.Build.0 = Debug|Any CPU
		{18F2D236-D525-45C2-BEE6-EAADFD2E31B4}.Release|Any CPU.ActiveCfg = Release|Any CPU
		{18F2D236-D525-45C2-BEE6-EAADFD2E31B4}.Release|Any CPU.Build.0 = Release|Any CPU
	EndGlobalSection
	GlobalSection(SolutionProperties) = preSolution
		HideSolutionNode = FALSE
	EndGlobalSection
	GlobalSection(ExtensibilityGlobals) = postSolution
		SolutionGuid = {6F78C30F-5F2C-4FC1-9216-6FA78B9FAE79}
	EndGlobalSection
EndGlobal
